<Solution>
  <Folder Name="/benchmarks/">
    <Project Path="benchmarks/Sms.Debug.Benchmarks/Sms.Debug.Benchmarks.csproj" />
  </Folder>
  <Folder Name="/src/">
    <Project Path="src/Sms.Debug.Core/Sms.Debug.Core.csproj" />
    <Project Path="src/Sms.Debug.Emulator/Sms.Debug.Emulator.csproj" />
    <Project Path="src/Sms.Debug.Mcp/Sms.Debug.Mcp.csproj" />
  </Folder>
  <Folder Name="/tests/">
    <Project Path="tests/Sms.Debug.Tests/Sms.Debug.Tests.csproj" />
  </Folder>
</Solution>
